
Microsoft Visual Studio Solution File, Format Version 11.00
# Visual Studio 2010
Project("{FAE04EC0-301F-11D3-BF4B-00C04F79EFBC}") = "Assembly-CSharp", "Assembly-CSharp.csproj", "{2d3143e4-3a6d-c6aa-a31b-86dbb429f2f7}"
EndProject
Project("{FAE04EC0-301F-11D3-BF4B-00C04F79EFBC}") = "Assembly-CSharp-Editor", "Assembly-CSharp-Editor.csproj", "{a873ba3a-65ae-65ba-436c-9ebb64ca97c4}"
EndProject
Global
	GlobalSection(SolutionConfigurationPlatforms) = preSolution
		Debug|Any CPU = Debug|Any CPU
		Release|Any CPU = Release|Any CPU
	EndGlobalSection
	GlobalSection(ProjectConfigurationPlatforms) = postSolution
		{2d3143e4-3a6d-c6aa-a31b-86dbb429f2f7}.Debug|Any CPU.ActiveCfg = Debug|Any CPU
		{2d3143e4-3a6d-c6aa-a31b-86dbb429f2f7}.Debug|Any CPU.Build.0 = Debug|Any CPU
		{2d3143e4-3a6d-c6aa-a31b-86dbb429f2f7}.Release|Any CPU.ActiveCfg = Release|Any CPU
		{2d3143e4-3a6d-c6aa-a31b-86dbb429f2f7}.Release|Any CPU.Build.0 = Release|Any CPU
		{a873ba3a-65ae-65ba-436c-9ebb64ca97c4}.Debug|Any CPU.ActiveCfg = Debug|Any CPU
		{a873ba3a-65ae-65ba-436c-9ebb64ca97c4}.Debug|Any CPU.Build.0 = Debug|Any CPU
		{a873ba3a-65ae-65ba-436c-9ebb64ca97c4}.Release|Any CPU.ActiveCfg = Release|Any CPU
		{a873ba3a-65ae-65ba-436c-9ebb64ca97c4}.Release|Any CPU.Build.0 = Release|Any CPU
	EndGlobalSection
	GlobalSection(SolutionProperties) = preSolution
		HideSolutionNode = FALSE
	EndGlobalSection
EndGlobal
